// !$*UTF8*$!
{
	archiveVersion = 1;
	classes = {
	};
	objectVersion = 46;
	objects = {

/* Begin PBXBuildFile section */
		549A0D1C5BF83A7399B2198C /* libPods-小浣熊新闻.a in Frameworks */ = {isa = PBXBuildFile; fileRef = A976569D3EE031613F8A67AB /* libPods-小浣熊新闻.a */; };
		F208813F1D4669E600B351D6 /* NSArray+Log.m in Sources */ = {isa = PBXBuildFile; fileRef = F20881281D4669E600B351D6 /* NSArray+Log.m */; };
		F20881401D4669E600B351D6 /* NSAttributedString+CZAdditon.m in Sources */ = {isa = PBXBuildFile; fileRef = F208812A1D4669E600B351D6 /* NSAttributedString+CZAdditon.m */; };
		F20881411D4669E600B351D6 /* NSObject+CZRuntime.m in Sources */ = {isa = PBXBuildFile; fileRef = F208812C1D4669E600B351D6 /* NSObject+CZRuntime.m */; };
		F20881421D4669E600B351D6 /* NSString+CZBase64.m in Sources */ = {isa = PBXBuildFile; fileRef = F208812E1D4669E600B351D6 /* NSString+CZBase64.m */; };
		F20881431D4669E600B351D6 /* NSString+CZHash.m in Sources */ = {isa = PBXBuildFile; fileRef = F20881301D4669E600B351D6 /* NSString+CZHash.m */; };
		F20881441D4669E600B351D6 /* NSString+CZPath.m in Sources */ = {isa = PBXBuildFile; fileRef = F20881321D4669E600B351D6 /* NSString+CZPath.m */; };
		F20881451D4669E600B351D6 /* UIButton+CZAddition.m in Sources */ = {isa = PBXBuildFile; fileRef = F20881341D4669E600B351D6 /* UIButton+CZAddition.m */; };
		F20881461D4669E600B351D6 /* UIColor+CZAddition.m in Sources */ = {isa = PBXBuildFile; fileRef = F20881361D4669E600B351D6 /* UIColor+CZAddition.m */; };
		F20881471D4669E600B351D6 /* UILabel+CZAddition.m in Sources */ = {isa = PBXBuildFile; fileRef = F20881381D4669E600B351D6 /* UILabel+CZAddition.m */; };
		F20881481D4669E600B351D6 /* UIScreen+CZAddition.m in Sources */ = {isa = PBXBuildFile; fileRef = F208813A1D4669E600B351D6 /* UIScreen+CZAddition.m */; };
		F20881491D4669E600B351D6 /* UIView+CZAddition.m in Sources */ = {isa = PBXBuildFile; fileRef = F208813C1D4669E600B351D6 /* UIView+CZAddition.m */; };
		F208814A1D4669E600B351D6 /* UIViewController+CZAddition.m in Sources */ = {isa = PBXBuildFile; fileRef = F208813E1D4669E600B351D6 /* UIViewController+CZAddition.m */; };
		F20881501D466A3F00B351D6 /* WYMainViewController.m in Sources */ = {isa = PBXBuildFile; fileRef = F208814F1D466A3F00B351D6 /* WYMainViewController.m */; };
		F20881531D466A5C00B351D6 /* WYHomeViewController.m in Sources */ = {isa = PBXBuildFile; fileRef = F20881521D466A5C00B351D6 /* WYHomeViewController.m */; };
		F21598971D4665AD00FDFFCC /* main.m in Sources */ = {isa = PBXBuildFile; fileRef = F21598961D4665AD00FDFFCC /* main.m */; };
		F215989A1D4665AD00FDFFCC /* AppDelegate.m in Sources */ = {isa = PBXBuildFile; fileRef = F21598991D4665AD00FDFFCC /* AppDelegate.m */; };
		F21598A21D4665AD00FDFFCC /* Assets.xcassets in Resources */ = {isa = PBXBuildFile; fileRef = F21598A11D4665AD00FDFFCC /* Assets.xcassets */; };
		F21598A51D4665AD00FDFFCC /* LaunchScreen.storyboard in Resources */ = {isa = PBXBuildFile; fileRef = F21598A31D4665AD00FDFFCC /* LaunchScreen.storyboard */; };
		F2A64B4A1D49C3670086823B /* WYNewsCell.m in Sources */ = {isa = PBXBuildFile; fileRef = F2A64B491D49C3670086823B /* WYNewsCell.m */; };
		F2A64B4C1D49C39F0086823B /* WYNewsNormalCell.xib in Resources */ = {isa = PBXBuildFile; fileRef = F2A64B4B1D49C39F0086823B /* WYNewsNormalCell.xib */; };
		F2A64B4F1D49CA5A0086823B /* WYNewsNormalCell.m in Sources */ = {isa = PBXBuildFile; fileRef = F2A64B4E1D49CA5A0086823B /* WYNewsNormalCell.m */; };
		F2B64B351D470AA100184380 /* WYNewsListViewController.m in Sources */ = {isa = PBXBuildFile; fileRef = F2B64B341D470AA100184380 /* WYNewsListViewController.m */; };
		F2E807801D472DF200AC7752 /* HLNetworkManager.m in Sources */ = {isa = PBXBuildFile; fileRef = F2E8077F1D472DF200AC7752 /* HLNetworkManager.m */; };
		F2E807A71D47838400AC7752 /* WYNewsListItem.m in Sources */ = {isa = PBXBuildFile; fileRef = F2E807A61D47838400AC7752 /* WYNewsListItem.m */; };
/* End PBXBuildFile section */

/* Begin PBXFileReference section */
		007179EEA813B921877D6B02 /* Pods-小浣熊新闻.release.xcconfig */ = {isa = PBXFileReference; includeInIndex = 1; lastKnownFileType = text.xcconfig; name = "Pods-小浣熊新闻.release.xcconfig"; path = "Pods/Target Support Files/Pods-小浣熊新闻/Pods-小浣熊新闻.release.xcconfig"; sourceTree = "<group>"; };
		5CB377059F553494B6434E7F /* Pods-小浣熊新闻.debug.xcconfig */ = {isa = PBXFileReference; includeInIndex = 1; lastKnownFileType = text.xcconfig; name = "Pods-小浣熊新闻.debug.xcconfig"; path = "Pods/Target Support Files/Pods-小浣熊新闻/Pods-小浣熊新闻.debug.xcconfig"; sourceTree = "<group>"; };
		A976569D3EE031613F8A67AB /* libPods-小浣熊新闻.a */ = {isa = PBXFileReference; explicitFileType = archive.ar; includeInIndex = 0; path = "libPods-小浣熊新闻.a"; sourceTree = BUILT_PRODUCTS_DIR; };
		F20881261D4669E600B351D6 /* CZAdditions.h */ = {isa = PBXFileReference; fileEncoding = 4; lastKnownFileType = sourcecode.c.h; path = CZAdditions.h; sourceTree = "<group>"; };
		F20881271D4669E600B351D6 /* NSArray+Log.h */ = {isa = PBXFileReference; fileEncoding = 4; lastKnownFileType = sourcecode.c.h; path = "NSArray+Log.h"; sourceTree = "<group>"; };
		F20881281D4669E600B351D6 /* NSArray+Log.m */ = {isa = PBXFileReference; fileEncoding = 4; lastKnownFileType = sourcecode.c.objc; path = "NSArray+Log.m"; sourceTree = "<group>"; };
		F20881291D4669E600B351D6 /* NSAttributedString+CZAdditon.h */ = {isa = PBXFileReference; fileEncoding = 4; lastKnownFileType = sourcecode.c.h; path = "NSAttributedString+CZAdditon.h"; sourceTree = "<group>"; };
		F208812A1D4669E600B351D6 /* NSAttributedString+CZAdditon.m */ = {isa = PBXFileReference; fileEncoding = 4; lastKnownFileType = sourcecode.c.objc; path = "NSAttributedString+CZAdditon.m"; sourceTree = "<group>"; };
		F208812B1D4669E600B351D6 /* NSObject+CZRuntime.h */ = {isa = PBXFileReference; fileEncoding = 4; lastKnownFileType = sourcecode.c.h; path = "NSObject+CZRuntime.h"; sourceTree = "<group>"; };
		F208812C1D4669E600B351D6 /* NSObject+CZRuntime.m */ = {isa = PBXFileReference; fileEncoding = 4; lastKnownFileType = sourcecode.c.objc; path = "NSObject+CZRuntime.m"; sourceTree = "<group>"; };
		F208812D1D4669E600B351D6 /* NSString+CZBase64.h */ = {isa = PBXFileReference; fileEncoding = 4; lastKnownFileType = sourcecode.c.h; path = "NSString+CZBase64.h"; sourceTree = "<group>"; };
		F208812E1D4669E600B351D6 /* NSString+CZBase64.m */ = {isa = PBXFileReference; fileEncoding = 4; lastKnownFileType = sourcecode.c.objc; path = "NSString+CZBase64.m"; sourceTree = "<group>"; };
		F208812F1D4669E600B351D6 /* NSString+CZHash.h */ = {isa = PBXFileReference; fileEncoding = 4; lastKnownFileType = sourcecode.c.h; path = "NSString+CZHash.h"; sourceTree = "<group>"; };
		F20881301D4669E600B351D6 /* NSString+CZHash.m */ = {isa = PBXFileReference; fileEncoding = 4; lastKnownFileType = sourcecode.c.objc; path = "NSString+CZHash.m"; sourceTree = "<group>"; };
		F20881311D4669E600B351D6 /* NSString+CZPath.h */ = {isa = PBXFileReference; fileEncoding = 4; lastKnownFileType = sourcecode.c.h; path = "NSString+CZPath.h"; sourceTree = "<group>"; };
		F20881321D4669E600B351D6 /* NSString+CZPath.m */ = {isa = PBXFileReference; fileEncoding = 4; lastKnownFileType = sourcecode.c.objc; path = "NSString+CZPath.m"; sourceTree = "<group>"; };
		F20881331D4669E600B351D6 /* UIButton+CZAddition.h */ = {isa = PBXFileReference; fileEncoding = 4; lastKnownFileType = sourcecode.c.h; path = "UIButton+CZAddition.h"; sourceTree = "<group>"; };
		F20881341D4669E600B351D6 /* UIButton+CZAddition.m */ = {isa = PBXFileReference; fileEncoding = 4; lastKnownFileType = sourcecode.c.objc; path = "UIButton+CZAddition.m"; sourceTree = "<group>"; };
		F20881351D4669E600B351D6 /* UIColor+CZAddition.h */ = {isa = PBXFileReference; fileEncoding = 4; lastKnownFileType = sourcecode.c.h; path = "UIColor+CZAddition.h"; sourceTree = "<group>"; };
		F20881361D4669E600B351D6 /* UIColor+CZAddition.m */ = {isa = PBXFileReference; fileEncoding = 4; lastKnownFileType = sourcecode.c.objc; path = "UIColor+CZAddition.m"; sourceTree = "<group>"; };
		F20881371D4669E600B351D6 /* UILabel+CZAddition.h */ = {isa = PBXFileReference; fileEncoding = 4; lastKnownFileType = sourcecode.c.h; path = "UILabel+CZAddition.h"; sourceTree = "<group>"; };
		F20881381D4669E600B351D6 /* UILabel+CZAddition.m */ = {isa = PBXFileReference; fileEncoding = 4; lastKnownFileType = sourcecode.c.objc; path = "UILabel+CZAddition.m"; sourceTree = "<group>"; };
		F20881391D4669E600B351D6 /* UIScreen+CZAddition.h */ = {isa = PBXFileReference; fileEncoding = 4; lastKnownFileType = sourcecode.c.h; path = "UIScreen+CZAddition.h"; sourceTree = "<group>"; };
		F208813A1D4669E600B351D6 /* UIScreen+CZAddition.m */ = {isa = PBXFileReference; fileEncoding = 4; lastKnownFileType = sourcecode.c.objc; path = "UIScreen+CZAddition.m"; sourceTree = "<group>"; };
		F208813B1D4669E600B351D6 /* UIView+CZAddition.h */ = {isa = PBXFileReference; fileEncoding = 4; lastKnownFileType = sourcecode.c.h; path = "UIView+CZAddition.h"; sourceTree = "<group>"; };
		F208813C1D4669E600B351D6 /* UIView+CZAddition.m */ = {isa = PBXFileReference; fileEncoding = 4; lastKnownFileType = sourcecode.c.objc; path = "UIView+CZAddition.m"; sourceTree = "<group>"; };
		F208813D1D4669E600B351D6 /* UIViewController+CZAddition.h */ = {isa = PBXFileReference; fileEncoding = 4; lastKnownFileType = sourcecode.c.h; path = "UIViewController+CZAddition.h"; sourceTree = "<group>"; };
		F208813E1D4669E600B351D6 /* UIViewController+CZAddition.m */ = {isa = PBXFileReference; fileEncoding = 4; lastKnownFileType = sourcecode.c.objc; path = "UIViewController+CZAddition.m"; sourceTree = "<group>"; };
		F208814E1D466A3F00B351D6 /* WYMainViewController.h */ = {isa = PBXFileReference; fileEncoding = 4; lastKnownFileType = sourcecode.c.h; path = WYMainViewController.h; sourceTree = "<group>"; };
		F208814F1D466A3F00B351D6 /* WYMainViewController.m */ = {isa = PBXFileReference; fileEncoding = 4; lastKnownFileType = sourcecode.c.objc; path = WYMainViewController.m; sourceTree = "<group>"; };
		F20881511D466A5C00B351D6 /* WYHomeViewController.h */ = {isa = PBXFileReference; fileEncoding = 4; lastKnownFileType = sourcecode.c.h; path = WYHomeViewController.h; sourceTree = "<group>"; };
		F20881521D466A5C00B351D6 /* WYHomeViewController.m */ = {isa = PBXFileReference; fileEncoding = 4; lastKnownFileType = sourcecode.c.objc; path = WYHomeViewController.m; sourceTree = "<group>"; };
		F20881551D46741500B351D6 /* WYPrefix.pch */ = {isa = PBXFileReference; lastKnownFileType = sourcecode.c.h; path = WYPrefix.pch; sourceTree = "<group>"; };
		F21598921D4665AC00FDFFCC /* 小浣熊新闻.app */ = {isa = PBXFileReference; explicitFileType = wrapper.application; includeInIndex = 0; path = "小浣熊新闻.app"; sourceTree = BUILT_PRODUCTS_DIR; };
		F21598961D4665AD00FDFFCC /* main.m */ = {isa = PBXFileReference; lastKnownFileType = sourcecode.c.objc; path = main.m; sourceTree = "<group>"; };
		F21598981D4665AD00FDFFCC /* AppDelegate.h */ = {isa = PBXFileReference; lastKnownFileType = sourcecode.c.h; path = AppDelegate.h; sourceTree = "<group>"; };
		F21598991D4665AD00FDFFCC /* AppDelegate.m */ = {isa = PBXFileReference; lastKnownFileType = sourcecode.c.objc; path = AppDelegate.m; sourceTree = "<group>"; };
		F21598A11D4665AD00FDFFCC /* Assets.xcassets */ = {isa = PBXFileReference; lastKnownFileType = folder.assetcatalog; path = Assets.xcassets; sourceTree = "<group>"; };
		F21598A41D4665AD00FDFFCC /* Base */ = {isa = PBXFileReference; lastKnownFileType = file.storyboard; name = Base; path = Base.lproj/LaunchScreen.storyboard; sourceTree = "<group>"; };
		F21598A61D4665AD00FDFFCC /* Info.plist */ = {isa = PBXFileReference; lastKnownFileType = text.plist.xml; path = Info.plist; sourceTree = "<group>"; };
		F2A64B481D49C3670086823B /* WYNewsCell.h */ = {isa = PBXFileReference; fileEncoding = 4; lastKnownFileType = sourcecode.c.h; path = WYNewsCell.h; sourceTree = "<group>"; };
		F2A64B491D49C3670086823B /* WYNewsCell.m */ = {isa = PBXFileReference; fileEncoding = 4; lastKnownFileType = sourcecode.c.objc; path = WYNewsCell.m; sourceTree = "<group>"; };
		F2A64B4B1D49C39F0086823B /* WYNewsNormalCell.xib */ = {isa = PBXFileReference; fileEncoding = 4; lastKnownFileType = file.xib; path = WYNewsNormalCell.xib; sourceTree = "<group>"; };
		F2A64B4D1D49CA5A0086823B /* WYNewsNormalCell.h */ = {isa = PBXFileReference; fileEncoding = 4; lastKnownFileType = sourcecode.c.h; path = WYNewsNormalCell.h; sourceTree = "<group>"; };
		F2A64B4E1D49CA5A0086823B /* WYNewsNormalCell.m */ = {isa = PBXFileReference; fileEncoding = 4; lastKnownFileType = sourcecode.c.objc; path = WYNewsNormalCell.m; sourceTree = "<group>"; };
		F2B64B331D470AA100184380 /* WYNewsListViewController.h */ = {isa = PBXFileReference; fileEncoding = 4; lastKnownFileType = sourcecode.c.h; path = WYNewsListViewController.h; sourceTree = "<group>"; };
		F2B64B341D470AA100184380 /* WYNewsListViewController.m */ = {isa = PBXFileReference; fileEncoding = 4; lastKnownFileType = sourcecode.c.objc; path = WYNewsListViewController.m; sourceTree = "<group>"; };
		F2E8077E1D472DF200AC7752 /* HLNetworkManager.h */ = {isa = PBXFileReference; fileEncoding = 4; lastKnownFileType = sourcecode.c.h; path = HLNetworkManager.h; sourceTree = "<group>"; };
		F2E8077F1D472DF200AC7752 /* HLNetworkManager.m */ = {isa = PBXFileReference; fileEncoding = 4; lastKnownFileType = sourcecode.c.objc; path = HLNetworkManager.m; sourceTree = "<group>"; };
		F2E807A51D47838400AC7752 /* WYNewsListItem.h */ = {isa = PBXFileReference; fileEncoding = 4; lastKnownFileType = sourcecode.c.h; path = WYNewsListItem.h; sourceTree = "<group>"; };
		F2E807A61D47838400AC7752 /* WYNewsListItem.m */ = {isa = PBXFileReference; fileEncoding = 4; lastKnownFileType = sourcecode.c.objc; path = WYNewsListItem.m; sourceTree = "<group>"; };
/* End PBXFileReference section */

/* Begin PBXFrameworksBuildPhase section */
		F215988F1D4665AC00FDFFCC /* Frameworks */ = {
			isa = PBXFrameworksBuildPhase;
			buildActionMask = 2147483647;
			files = (
				549A0D1C5BF83A7399B2198C /* libPods-小浣熊新闻.a in Frameworks */,
			);
			runOnlyForDeploymentPostprocessing = 0;
		};
/* End PBXFrameworksBuildPhase section */

/* Begin PBXGroup section */
		4AFA037DBC3AE3C1FDF54020 /* Pods */ = {
			isa = PBXGroup;
			children = (
				5CB377059F553494B6434E7F /* Pods-小浣熊新闻.debug.xcconfig */,
				007179EEA813B921877D6B02 /* Pods-小浣熊新闻.release.xcconfig */,
			);
			name = Pods;
			sourceTree = "<group>";
		};
		F20881241D4669E600B351D6 /* Tools */ = {
			isa = PBXGroup;
			children = (
				F2E8077D1D472DC800AC7752 /* Network */,
				F20881251D4669E600B351D6 /* Additions */,
			);
			path = Tools;
			sourceTree = "<group>";
		};
		F20881251D4669E600B351D6 /* Additions */ = {
			isa = PBXGroup;
			children = (
				F20881261D4669E600B351D6 /* CZAdditions.h */,
				F20881271D4669E600B351D6 /* NSArray+Log.h */,
				F20881281D4669E600B351D6 /* NSArray+Log.m */,
				F20881291D4669E600B351D6 /* NSAttributedString+CZAdditon.h */,
				F208812A1D4669E600B351D6 /* NSAttributedString+CZAdditon.m */,
				F208812B1D4669E600B351D6 /* NSObject+CZRuntime.h */,
				F208812C1D4669E600B351D6 /* NSObject+CZRuntime.m */,
				F208812D1D4669E600B351D6 /* NSString+CZBase64.h */,
				F208812E1D4669E600B351D6 /* NSString+CZBase64.m */,
				F208812F1D4669E600B351D6 /* NSString+CZHash.h */,
				F20881301D4669E600B351D6 /* NSString+CZHash.m */,
				F20881311D4669E600B351D6 /* NSString+CZPath.h */,
				F20881321D4669E600B351D6 /* NSString+CZPath.m */,
				F20881331D4669E600B351D6 /* UIButton+CZAddition.h */,
				F20881341D4669E600B351D6 /* UIButton+CZAddition.m */,
				F20881351D4669E600B351D6 /* UIColor+CZAddition.h */,
				F20881361D4669E600B351D6 /* UIColor+CZAddition.m */,
				F20881371D4669E600B351D6 /* UILabel+CZAddition.h */,
				F20881381D4669E600B351D6 /* UILabel+CZAddition.m */,
				F20881391D4669E600B351D6 /* UIScreen+CZAddition.h */,
				F208813A1D4669E600B351D6 /* UIScreen+CZAddition.m */,
				F208813B1D4669E600B351D6 /* UIView+CZAddition.h */,
				F208813C1D4669E600B351D6 /* UIView+CZAddition.m */,
				F208813D1D4669E600B351D6 /* UIViewController+CZAddition.h */,
				F208813E1D4669E600B351D6 /* UIViewController+CZAddition.m */,
			);
			path = Additions;
			sourceTree = "<group>";
		};
		F208814B1D4669EF00B351D6 /* Classes */ = {
			isa = PBXGroup;
			children = (
				F208814D1D4669EF00B351D6 /* Main(主要的) */,
				F208814C1D4669EF00B351D6 /* Home(首页) */,
			);
			path = Classes;
			sourceTree = "<group>";
		};
		F208814C1D4669EF00B351D6 /* Home(首页) */ = {
			isa = PBXGroup;
			children = (
				F2B64B0E1D46FBF200184380 /* NewsList(新闻列表) */,
				F2B64B0F1D46FC1000184380 /* NewsDetail(新闻详情) */,
				F20881511D466A5C00B351D6 /* WYHomeViewController.h */,
				F20881521D466A5C00B351D6 /* WYHomeViewController.m */,
			);
			name = "Home(首页)";
			path = Home;
			sourceTree = "<group>";
		};
		F208814D1D4669EF00B351D6 /* Main(主要的) */ = {
			isa = PBXGroup;
			children = (
				F208814E1D466A3F00B351D6 /* WYMainViewController.h */,
				F208814F1D466A3F00B351D6 /* WYMainViewController.m */,
			);
			name = "Main(主要的)";
			path = Main;
			sourceTree = "<group>";
		};
		F21598891D4665AC00FDFFCC = {
			isa = PBXGroup;
			children = (
				F21598941D4665AD00FDFFCC /* 小浣熊新闻 */,
				F21598931D4665AC00FDFFCC /* Products */,
				4AFA037DBC3AE3C1FDF54020 /* Pods */,
				FD487D99115EF3D8EA29948F /* Frameworks */,
			);
			sourceTree = "<group>";
		};
		F21598931D4665AC00FDFFCC /* Products */ = {
			isa = PBXGroup;
			children = (
				F21598921D4665AC00FDFFCC /* 小浣熊新闻.app */,
			);
			name = Products;
			sourceTree = "<group>";
		};
		F21598941D4665AD00FDFFCC /* 小浣熊新闻 */ = {
			isa = PBXGroup;
			children = (
				F208814B1D4669EF00B351D6 /* Classes */,
				F21598981D4665AD00FDFFCC /* AppDelegate.h */,
				F21598991D4665AD00FDFFCC /* AppDelegate.m */,
				F20881241D4669E600B351D6 /* Tools */,
				F21598951D4665AD00FDFFCC /* Supporting Files */,
			);
			path = "小浣熊新闻";
			sourceTree = "<group>";
		};
		F21598951D4665AD00FDFFCC /* Supporting Files */ = {
			isa = PBXGroup;
			children = (
				F21598A11D4665AD00FDFFCC /* Assets.xcassets */,
				F21598A31D4665AD00FDFFCC /* LaunchScreen.storyboard */,
				F21598A61D4665AD00FDFFCC /* Info.plist */,
				F21598961D4665AD00FDFFCC /* main.m */,
				F20881551D46741500B351D6 /* WYPrefix.pch */,
			);
			name = "Supporting Files";
			sourceTree = "<group>";
		};
		F2A64B471D49C2DD0086823B /* View */ = {
			isa = PBXGroup;
			children = (
				F2A64B481D49C3670086823B /* WYNewsCell.h */,
				F2A64B491D49C3670086823B /* WYNewsCell.m */,
				F2A64B4D1D49CA5A0086823B /* WYNewsNormalCell.h */,
				F2A64B4E1D49CA5A0086823B /* WYNewsNormalCell.m */,
				F2A64B4B1D49C39F0086823B /* WYNewsNormalCell.xib */,
			);
			path = View;
			sourceTree = "<group>";
		};
		F2B64B0E1D46FBF200184380 /* NewsList(新闻列表) */ = {
			isa = PBXGroup;
			children = (
				F2A64B471D49C2DD0086823B /* View */,
				F2E807A41D47834200AC7752 /* Model */,
				F2B64B331D470AA100184380 /* WYNewsListViewController.h */,
				F2B64B341D470AA100184380 /* WYNewsListViewController.m */,
			);
			name = "NewsList(新闻列表)";
			path = NewsList;
			sourceTree = "<group>";
		};
		F2B64B0F1D46FC1000184380 /* NewsDetail(新闻详情) */ = {
			isa = PBXGroup;
			children = (
			);
			name = "NewsDetail(新闻详情)";
			path = NewsDetail;
			sourceTree = "<group>";
		};
		F2E8077D1D472DC800AC7752 /* Network */ = {
			isa = PBXGroup;
			children = (
				F2E8077E1D472DF200AC7752 /* HLNetworkManager.h */,
				F2E8077F1D472DF200AC7752 /* HLNetworkManager.m */,
			);
			path = Network;
			sourceTree = "<group>";
		};
		F2E807A41D47834200AC7752 /* Model */ = {
			isa = PBXGroup;
			children = (
				F2E807A51D47838400AC7752 /* WYNewsListItem.h */,
				F2E807A61D47838400AC7752 /* WYNewsListItem.m */,
			);
			path = Model;
			sourceTree = "<group>";
		};
		FD487D99115EF3D8EA29948F /* Frameworks */ = {
			isa = PBXGroup;
			children = (
				A976569D3EE031613F8A67AB /* libPods-小浣熊新闻.a */,
			);
			name = Frameworks;
			sourceTree = "<group>";
		};
/* End PBXGroup section */

/* Begin PBXNativeTarget section */
		F21598911D4665AC00FDFFCC /* 小浣熊新闻 */ = {
			isa = PBXNativeTarget;
			buildConfigurationList = F21598A91D4665AD00FDFFCC /* Build configuration list for PBXNativeTarget "小浣熊新闻" */;
			buildPhases = (
				297DEA80D680C1C113BD4398 /* [CP] Check Pods Manifest.lock */,
				F215988E1D4665AC00FDFFCC /* Sources */,
				F215988F1D4665AC00FDFFCC /* Frameworks */,
				F21598901D4665AC00FDFFCC /* Resources */,
				030379A843F51B95F7B7123E /* [CP] Embed Pods Frameworks */,
				5605235098B12738D54FD3EF /* [CP] Copy Pods Resources */,
			);
			buildRules = (
			);
			dependencies = (
			);
			name = "小浣熊新闻";
			productName = "小浣熊新闻";
			productReference = F21598921D4665AC00FDFFCC /* 小浣熊新闻.app */;
			productType = "com.apple.product-type.application";
		};
/* End PBXNativeTarget section */

/* Begin PBXProject section */
		F215988A1D4665AC00FDFFCC /* Project object */ = {
			isa = PBXProject;
			attributes = {
				CLASSPREFIX = WY;
				LastUpgradeCheck = 0730;
				ORGANIZATIONNAME = lhl;
				TargetAttributes = {
					F21598911D4665AC00FDFFCC = {
						CreatedOnToolsVersion = 7.3.1;
						DevelopmentTeam = UTT4HQ4F3H;
					};
				};
			};
			buildConfigurationList = F215988D1D4665AC00FDFFCC /* Build configuration list for PBXProject "小浣熊新闻" */;
			compatibilityVersion = "Xcode 3.2";
			developmentRegion = English;
			hasScannedForEncodings = 0;
			knownRegions = (
				en,
				Base,
			);
			mainGroup = F21598891D4665AC00FDFFCC;
			productRefGroup = F21598931D4665AC00FDFFCC /* Products */;
			projectDirPath = "";
			projectRoot = "";
			targets = (
				F21598911D4665AC00FDFFCC /* 小浣熊新闻 */,
			);
		};
/* End PBXProject section */

/* Begin PBXResourcesBuildPhase section */
		F21598901D4665AC00FDFFCC /* Resources */ = {
			isa = PBXResourcesBuildPhase;
			buildActionMask = 2147483647;
			files = (
				F2A64B4C1D49C39F0086823B /* WYNewsNormalCell.xib in Resources */,
				F21598A51D4665AD00FDFFCC /* LaunchScreen.storyboard in Resources */,
				F21598A21D4665AD00FDFFCC /* Assets.xcassets in Resources */,
			);
			runOnlyForDeploymentPostprocessing = 0;
		};
/* End PBXResourcesBuildPhase section */

/* Begin PBXShellScriptBuildPhase section */
		030379A843F51B95F7B7123E /* [CP] Embed Pods Frameworks */ = {
			isa = PBXShellScriptBuildPhase;
			buildActionMask = 2147483647;
			files = (
			);
			inputPaths = (
			);
			name = "[CP] Embed Pods Frameworks";
			outputPaths = (
			);
			runOnlyForDeploymentPostprocessing = 0;
			shellPath = /bin/sh;
			shellScript = "\"${SRCROOT}/Pods/Target Support Files/Pods-小浣熊新闻/Pods-小浣熊新闻-frameworks.sh\"\n";
			showEnvVarsInLog = 0;
		};
		297DEA80D680C1C113BD4398 /* [CP] Check Pods Manifest.lock */ = {
			isa = PBXShellScriptBuildPhase;
			buildActionMask = 2147483647;
			files = (
			);
			inputPaths = (
			);
			name = "[CP] Check Pods Manifest.lock";
			outputPaths = (
			);
			runOnlyForDeploymentPostprocessing = 0;
			shellPath = /bin/sh;
			shellScript = "diff \"${PODS_ROOT}/../Podfile.lock\" \"${PODS_ROOT}/Manifest.lock\" > /dev/null\nif [[ $? != 0 ]] ; then\n    cat << EOM\nerror: The sandbox is not in sync with the Podfile.lock. Run 'pod install' or update your CocoaPods installation.\nEOM\n    exit 1\nfi\n";
			showEnvVarsInLog = 0;
		};
		5605235098B12738D54FD3EF /* [CP] Copy Pods Resources */ = {
			isa = PBXShellScriptBuildPhase;
			buildActionMask = 2147483647;
			files = (
			);
			inputPaths = (
			);
			name = "[CP] Copy Pods Resources";
			outputPaths = (
			);
			runOnlyForDeploymentPostprocessing = 0;
			shellPath = /bin/sh;
			shellScript = "\"${SRCROOT}/Pods/Target Support Files/Pods-小浣熊新闻/Pods-小浣熊新闻-resources.sh\"\n";
			showEnvVarsInLog = 0;
		};
/* End PBXShellScriptBuildPhase section */

/* Begin PBXSourcesBuildPhase section */
		F215988E1D4665AC00FDFFCC /* Sources */ = {
			isa = PBXSourcesBuildPhase;
			buildActionMask = 2147483647;
			files = (
				F2A64B4F1D49CA5A0086823B /* WYNewsNormalCell.m in Sources */,
				F20881461D4669E600B351D6 /* UIColor+CZAddition.m in Sources */,
				F20881401D4669E600B351D6 /* NSAttributedString+CZAdditon.m in Sources */,
				F20881441D4669E600B351D6 /* NSString+CZPath.m in Sources */,
				F208813F1D4669E600B351D6 /* NSArray+Log.m in Sources */,
				F2A64B4A1D49C3670086823B /* WYNewsCell.m in Sources */,
				F215989A1D4665AD00FDFFCC /* AppDelegate.m in Sources */,
				F20881451D4669E600B351D6 /* UIButton+CZAddition.m in Sources */,
				F20881491D4669E600B351D6 /* UIView+CZAddition.m in Sources */,
				F20881431D4669E600B351D6 /* NSString+CZHash.m in Sources */,
				F2E807A71D47838400AC7752 /* WYNewsListItem.m in Sources */,
				F20881471D4669E600B351D6 /* UILabel+CZAddition.m in Sources */,
				F20881531D466A5C00B351D6 /* WYHomeViewController.m in Sources */,
				F2B64B351D470AA100184380 /* WYNewsListViewController.m in Sources */,
				F20881501D466A3F00B351D6 /* WYMainViewController.m in Sources */,
				F2E807801D472DF200AC7752 /* HLNetworkManager.m in Sources */,
				F20881421D4669E600B351D6 /* NSString+CZBase64.m in Sources */,
				F20881411D4669E600B351D6 /* NSObject+CZRuntime.m in Sources */,
				F208814A1D4669E600B351D6 /* UIViewController+CZAddition.m in Sources */,
				F20881481D4669E600B351D6 /* UIScreen+CZAddition.m in Sources */,
				F21598971D4665AD00FDFFCC /* main.m in Sources */,
			);
			runOnlyForDeploymentPostprocessing = 0;
		};
/* End PBXSourcesBuildPhase section */

/* Begin PBXVariantGroup section */
		F21598A31D4665AD00FDFFCC /* LaunchScreen.storyboard */ = {
			isa = PBXVariantGroup;
			children = (
				F21598A41D4665AD00FDFFCC /* Base */,
			);
			name = LaunchScreen.storyboard;
			sourceTree = "<group>";
		};
/* End PBXVariantGroup section */

/* Begin XCBuildConfiguration section */
		F21598A71D4665AD00FDFFCC /* Debug */ = {
			isa = XCBuildConfiguration;
			buildSettings = {
				ALWAYS_SEARCH_USER_PATHS = NO;
				CLANG_ANALYZER_NONNULL = YES;
				CLANG_CXX_LANGUAGE_STANDARD = "gnu++0x";
				CLANG_CXX_LIBRARY = "libc++";
				CLANG_ENABLE_MODULES = YES;
				CLANG_ENABLE_OBJC_ARC = YES;
				CLANG_WARN_BOOL_CONVERSION = YES;
				CLANG_WARN_CONSTANT_CONVERSION = YES;
				CLANG_WARN_DIRECT_OBJC_ISA_USAGE = YES_ERROR;
				CLANG_WARN_EMPTY_BODY = YES;
				CLANG_WARN_ENUM_CONVERSION = YES;
				CLANG_WARN_INT_CONVERSION = YES;
				CLANG_WARN_OBJC_ROOT_CLASS = YES_ERROR;
				CLANG_WARN_UNREACHABLE_CODE = YES;
				CLANG_WARN__DUPLICATE_METHOD_MATCH = YES;
				"CODE_SIGN_IDENTITY[sdk=iphoneos*]" = "iPhone Developer";
				COPY_PHASE_STRIP = NO;
				DEBUG_INFORMATION_FORMAT = dwarf;
				ENABLE_STRICT_OBJC_MSGSEND = YES;
				ENABLE_TESTABILITY = YES;
				GCC_C_LANGUAGE_STANDARD = gnu99;
				GCC_DYNAMIC_NO_PIC = NO;
				GCC_NO_COMMON_BLOCKS = YES;
				GCC_OPTIMIZATION_LEVEL = 0;
				GCC_PREPROCESSOR_DEFINITIONS = (
					"DEBUG=1",
					"$(inherited)",
				);
				GCC_WARN_64_TO_32_BIT_CONVERSION = YES;
				GCC_WARN_ABOUT_RETURN_TYPE = YES_ERROR;
				GCC_WARN_UNDECLARED_SELECTOR = YES;
				GCC_WARN_UNINITIALIZED_AUTOS = YES_AGGRESSIVE;
				GCC_WARN_UNUSED_FUNCTION = YES;
				GCC_WARN_UNUSED_VARIABLE = YES;
				IPHONEOS_DEPLOYMENT_TARGET = 9.3;
				MTL_ENABLE_DEBUG_INFO = YES;
				ONLY_ACTIVE_ARCH = YES;
				SDKROOT = iphoneos;
				TARGETED_DEVICE_FAMILY = "1,2";
			};
			name = Debug;
		};
		F21598A81D4665AD00FDFFCC /* Release */ = {
			isa = XCBuildConfiguration;
			buildSettings = {
				ALWAYS_SEARCH_USER_PATHS = NO;
				CLANG_ANALYZER_NONNULL = YES;
				CLANG_CXX_LANGUAGE_STANDARD = "gnu++0x";
				CLANG_CXX_LIBRARY = "libc++";
				CLANG_ENABLE_MODULES = YES;
				CLANG_ENABLE_OBJC_ARC = YES;
				CLANG_WARN_BOOL_CONVERSION = YES;
				CLANG_WARN_CONSTANT_CONVERSION = YES;
				CLANG_WARN_DIRECT_OBJC_ISA_USAGE = YES_ERROR;
				CLANG_WARN_EMPTY_BODY = YES;
				CLANG_WARN_ENUM_CONVERSION = YES;
				CLANG_WARN_INT_CONVERSION = YES;
				CLANG_WARN_OBJC_ROOT_CLASS = YES_ERROR;
				CLANG_WARN_UNREACHABLE_CODE = YES;
				CLANG_WARN__DUPLICATE_METHOD_MATCH = YES;
				"CODE_SIGN_IDENTITY[sdk=iphoneos*]" = "iPhone Developer";
				COPY_PHASE_STRIP = NO;
				DEBUG_INFORMATION_FORMAT = "dwarf-with-dsym";
				ENABLE_NS_ASSERTIONS = NO;
				ENABLE_STRICT_OBJC_MSGSEND = YES;
				GCC_C_LANGUAGE_STANDARD = gnu99;
				GCC_NO_COMMON_BLOCKS = YES;
				GCC_WARN_64_TO_32_BIT_CONVERSION = YES;
				GCC_WARN_ABOUT_RETURN_TYPE = YES_ERROR;
				GCC_WARN_UNDECLARED_SELECTOR = YES;
				GCC_WARN_UNINITIALIZED_AUTOS = YES_AGGRESSIVE;
				GCC_WARN_UNUSED_FUNCTION = YES;
				GCC_WARN_UNUSED_VARIABLE = YES;
				IPHONEOS_DEPLOYMENT_TARGET = 9.3;
				MTL_ENABLE_DEBUG_INFO = NO;
				SDKROOT = iphoneos;
				TARGETED_DEVICE_FAMILY = "1,2";
				VALIDATE_PRODUCT = YES;
			};
			name = Release;
		};
		F21598AA1D4665AD00FDFFCC /* Debug */ = {
			isa = XCBuildConfiguration;
			baseConfigurationReference = 5CB377059F553494B6434E7F /* Pods-小浣熊新闻.debug.xcconfig */;
			buildSettings = {
				ASSETCATALOG_COMPILER_APPICON_NAME = AppIcon;
				CODE_SIGN_IDENTITY = "iPhone Developer";
				"CODE_SIGN_IDENTITY[sdk=iphoneos*]" = "iPhone Developer";
				GCC_PREFIX_HEADER = "小浣熊新闻/WYPrefix.pch";
				INFOPLIST_FILE = "小浣熊新闻/Info.plist";
				IPHONEOS_DEPLOYMENT_TARGET = 8.0;
				LD_RUNPATH_SEARCH_PATHS = "$(inherited) @executable_path/Frameworks";
				PRODUCT_BUNDLE_IDENTIFIER = "com.lhl.-----";
				PRODUCT_NAME = "$(TARGET_NAME)";
				PROVISIONING_PROFILE = "";
				TARGETED_DEVICE_FAMILY = 1;
			};
			name = Debug;
		};
		F21598AB1D4665AD00FDFFCC /* Release */ = {
			isa = XCBuildConfiguration;
			baseConfigurationReference = 007179EEA813B921877D6B02 /* Pods-小浣熊新闻.release.xcconfig */;
			buildSettings = {
				ASSETCATALOG_COMPILER_APPICON_NAME = AppIcon;
				CODE_SIGN_IDENTITY = "iPhone Developer";
				"CODE_SIGN_IDENTITY[sdk=iphoneos*]" = "iPhone Developer";
				GCC_PREFIX_HEADER = "小浣熊新闻/WYPrefix.pch";
				INFOPLIST_FILE = "小浣熊新闻/Info.plist";
				IPHONEOS_DEPLOYMENT_TARGET = 8.0;
				LD_RUNPATH_SEARCH_PATHS = "$(inherited) @executable_path/Frameworks";
				PRODUCT_BUNDLE_IDENTIFIER = "com.lhl.-----";
				PRODUCT_NAME = "$(TARGET_NAME)";
				PROVISIONING_PROFILE = "";
				TARGETED_DEVICE_FAMILY = 1;
			};
			name = Release;
		};
/* End XCBuildConfiguration section */

/* Begin XCConfigurationList section */
		F215988D1D4665AC00FDFFCC /* Build configuration list for PBXProject "小浣熊新闻" */ = {
			isa = XCConfigurationList;
			buildConfigurations = (
				F21598A71D4665AD00FDFFCC /* Debug */,
				F21598A81D4665AD00FDFFCC /* Release */,
			);
			defaultConfigurationIsVisible = 0;
			defaultConfigurationName = Release;
		};
		F21598A91D4665AD00FDFFCC /* Build configuration list for PBXNativeTarget "小浣熊新闻" */ = {
			isa = XCConfigurationList;
			buildConfigurations = (
				F21598AA1D4665AD00FDFFCC /* Debug */,
				F21598AB1D4665AD00FDFFCC /* Release */,
			);
			defaultConfigurationIsVisible = 0;
			defaultConfigurationName = Release;
		};
/* End XCConfigurationList section */
	};
	rootObject = F215988A1D4665AC00FDFFCC /* Project object */;
}
